// !$*UTF8*$!
{
	archiveVersion = 1;
	classes = {
	};
	objectVersion = 56;
	objects = {

/* Begin PBXBuildFile section */
		A60984A529B89C1D008098C8 /* View.swift in Sources */ = {isa = PBXBuildFile; fileRef = A60984A429B89C1D008098C8 /* View.swift */; };
		A611434729AA14B700A9C304 /* FetchList.swift in Sources */ = {isa = PBXBuildFile; fileRef = A611434629AA14B700A9C304 /* FetchList.swift */; };
		A611434929AA1D0E00A9C304 /* SearchBar.swift in Sources */ = {isa = PBXBuildFile; fileRef = A611434829AA1D0E00A9C304 /* SearchBar.swift */; };
		A611434C29AA28C800A9C304 /* Sort.swift in Sources */ = {isa = PBXBuildFile; fileRef = A611434B29AA28C800A9C304 /* Sort.swift */; };
		A611435D29AB690600A9C304 /* Comment+CoreDataClass.swift in Sources */ = {isa = PBXBuildFile; fileRef = A611435929AB690600A9C304 /* Comment+CoreDataClass.swift */; };
		A611435E29AB690600A9C304 /* Comment+CoreDataProperties.swift in Sources */ = {isa = PBXBuildFile; fileRef = A611435A29AB690600A9C304 /* Comment+CoreDataProperties.swift */; };
		A611435F29AB690600A9C304 /* FilmReview+CoreDataClass.swift in Sources */ = {isa = PBXBuildFile; fileRef = A611435B29AB690600A9C304 /* FilmReview+CoreDataClass.swift */; };
		A611436029AB690600A9C304 /* FilmReview+CoreDataProperties.swift in Sources */ = {isa = PBXBuildFile; fileRef = A611435C29AB690600A9C304 /* FilmReview+CoreDataProperties.swift */; };
		A611436229AC774E00A9C304 /* FilmReviewHelper.swift in Sources */ = {isa = PBXBuildFile; fileRef = A611436129AC774E00A9C304 /* FilmReviewHelper.swift */; };
		A64B32F429A3580A00910648 /* RottenTomatoesApp.swift in Sources */ = {isa = PBXBuildFile; fileRef = A64B32F329A3580A00910648 /* RottenTomatoesApp.swift */; };
		A64B32F629A3580A00910648 /* ContentView.swift in Sources */ = {isa = PBXBuildFile; fileRef = A64B32F529A3580A00910648 /* ContentView.swift */; };
		A64B32F829A3580B00910648 /* Assets.xcassets in Resources */ = {isa = PBXBuildFile; fileRef = A64B32F729A3580B00910648 /* Assets.xcassets */; };
		A64B32FB29A3580B00910648 /* Preview Assets.xcassets in Resources */ = {isa = PBXBuildFile; fileRef = A64B32FA29A3580B00910648 /* Preview Assets.xcassets */; };
		A64B330529A3580C00910648 /* Rotten_TomatoesTests.swift in Sources */ = {isa = PBXBuildFile; fileRef = A64B330429A3580C00910648 /* Rotten_TomatoesTests.swift */; };
		A64B330F29A3580C00910648 /* Rotten_TomatoesUITests.swift in Sources */ = {isa = PBXBuildFile; fileRef = A64B330E29A3580C00910648 /* Rotten_TomatoesUITests.swift */; };
		A64B331129A3580C00910648 /* Rotten_TomatoesUITestsLaunchTests.swift in Sources */ = {isa = PBXBuildFile; fileRef = A64B331029A3580C00910648 /* Rotten_TomatoesUITestsLaunchTests.swift */; };
		A64B331F29A3587400910648 /* RottenTomatoes.xcdatamodeld in Sources */ = {isa = PBXBuildFile; fileRef = A64B331D29A3587400910648 /* RottenTomatoes.xcdatamodeld */; };
		A64B332129A3595D00910648 /* DataController.swift in Sources */ = {isa = PBXBuildFile; fileRef = A64B332029A3595D00910648 /* DataController.swift */; };
		A64B332329A35C1F00910648 /* AddReviewView.swift in Sources */ = {isa = PBXBuildFile; fileRef = A64B332229A35C1F00910648 /* AddReviewView.swift */; };
		A64B332829A3F31C00910648 /* Genres.swift in Sources */ = {isa = PBXBuildFile; fileRef = A64B332729A3F31C00910648 /* Genres.swift */; };
		A64B332D29A3F8AE00910648 /* ReviewsSidebarView.swift in Sources */ = {isa = PBXBuildFile; fileRef = A64B332C29A3F8AE00910648 /* ReviewsSidebarView.swift */; };
		A64B332F29A4A35400910648 /* RatingView.swift in Sources */ = {isa = PBXBuildFile; fileRef = A64B332E29A4A35400910648 /* RatingView.swift */; };
		A64B333129A4AA8600910648 /* EmojiRatingView.swift in Sources */ = {isa = PBXBuildFile; fileRef = A64B333029A4AA8600910648 /* EmojiRatingView.swift */; };
		A64B333329A4B00600910648 /* ReviewDetailView.swift in Sources */ = {isa = PBXBuildFile; fileRef = A64B333229A4B00600910648 /* ReviewDetailView.swift */; };
/* End PBXBuildFile section */

/* Begin PBXContainerItemProxy section */
		A64B330129A3580C00910648 /* PBXContainerItemProxy */ = {
			isa = PBXContainerItemProxy;
			containerPortal = A64B32E829A3580A00910648 /* Project object */;
			proxyType = 1;
			remoteGlobalIDString = A64B32EF29A3580A00910648;
			remoteInfo = "Rotten Tomatoes";
		};
		A64B330B29A3580C00910648 /* PBXContainerItemProxy */ = {
			isa = PBXContainerItemProxy;
			containerPortal = A64B32E829A3580A00910648 /* Project object */;
			proxyType = 1;
			remoteGlobalIDString = A64B32EF29A3580A00910648;
			remoteInfo = "Rotten Tomatoes";
		};
/* End PBXContainerItemProxy section */

/* Begin PBXFileReference section */
		A60984A429B89C1D008098C8 /* View.swift */ = {isa = PBXFileReference; lastKnownFileType = sourcecode.swift; path = View.swift; sourceTree = "<group>"; };
		A611434629AA14B700A9C304 /* FetchList.swift */ = {isa = PBXFileReference; lastKnownFileType = sourcecode.swift; path = FetchList.swift; sourceTree = "<group>"; };
		A611434829AA1D0E00A9C304 /* SearchBar.swift */ = {isa = PBXFileReference; lastKnownFileType = sourcecode.swift; path = SearchBar.swift; sourceTree = "<group>"; };
		A611434B29AA28C800A9C304 /* Sort.swift */ = {isa = PBXFileReference; lastKnownFileType = sourcecode.swift; path = Sort.swift; sourceTree = "<group>"; };
		A611435929AB690600A9C304 /* Comment+CoreDataClass.swift */ = {isa = PBXFileReference; lastKnownFileType = sourcecode.swift; path = "Comment+CoreDataClass.swift"; sourceTree = "<group>"; };
		A611435A29AB690600A9C304 /* Comment+CoreDataProperties.swift */ = {isa = PBXFileReference; lastKnownFileType = sourcecode.swift; path = "Comment+CoreDataProperties.swift"; sourceTree = "<group>"; };
		A611435B29AB690600A9C304 /* FilmReview+CoreDataClass.swift */ = {isa = PBXFileReference; lastKnownFileType = sourcecode.swift; path = "FilmReview+CoreDataClass.swift"; sourceTree = "<group>"; };
		A611435C29AB690600A9C304 /* FilmReview+CoreDataProperties.swift */ = {isa = PBXFileReference; lastKnownFileType = sourcecode.swift; path = "FilmReview+CoreDataProperties.swift"; sourceTree = "<group>"; };
		A611436129AC774E00A9C304 /* FilmReviewHelper.swift */ = {isa = PBXFileReference; lastKnownFileType = sourcecode.swift; path = FilmReviewHelper.swift; sourceTree = "<group>"; };
		A64B32F029A3580A00910648 /* RottenTomatoesReviews.app */ = {isa = PBXFileReference; explicitFileType = wrapper.application; includeInIndex = 0; path = RottenTomatoesReviews.app; sourceTree = BUILT_PRODUCTS_DIR; };
		A64B32F329A3580A00910648 /* RottenTomatoesApp.swift */ = {isa = PBXFileReference; lastKnownFileType = sourcecode.swift; path = RottenTomatoesApp.swift; sourceTree = "<group>"; };
		A64B32F529A3580A00910648 /* ContentView.swift */ = {isa = PBXFileReference; lastKnownFileType = sourcecode.swift; path = ContentView.swift; sourceTree = "<group>"; };
		A64B32F729A3580B00910648 /* Assets.xcassets */ = {isa = PBXFileReference; lastKnownFileType = folder.assetcatalog; path = Assets.xcassets; sourceTree = "<group>"; };
		A64B32FA29A3580B00910648 /* Preview Assets.xcassets */ = {isa = PBXFileReference; lastKnownFileType = folder.assetcatalog; path = "Preview Assets.xcassets"; sourceTree = "<group>"; };
		A64B330029A3580C00910648 /* RottenTomatoesReviewsTests.xctest */ = {isa = PBXFileReference; explicitFileType = wrapper.cfbundle; includeInIndex = 0; path = RottenTomatoesReviewsTests.xctest; sourceTree = BUILT_PRODUCTS_DIR; };
		A64B330429A3580C00910648 /* Rotten_TomatoesTests.swift */ = {isa = PBXFileReference; lastKnownFileType = sourcecode.swift; path = Rotten_TomatoesTests.swift; sourceTree = "<group>"; };
		A64B330A29A3580C00910648 /* RottenTomatoesReviewsUITests.xctest */ = {isa = PBXFileReference; explicitFileType = wrapper.cfbundle; includeInIndex = 0; path = RottenTomatoesReviewsUITests.xctest; sourceTree = BUILT_PRODUCTS_DIR; };
		A64B330E29A3580C00910648 /* Rotten_TomatoesUITests.swift */ = {isa = PBXFileReference; lastKnownFileType = sourcecode.swift; path = Rotten_TomatoesUITests.swift; sourceTree = "<group>"; };
		A64B331029A3580C00910648 /* Rotten_TomatoesUITestsLaunchTests.swift */ = {isa = PBXFileReference; lastKnownFileType = sourcecode.swift; path = Rotten_TomatoesUITestsLaunchTests.swift; sourceTree = "<group>"; };
		A64B331E29A3587400910648 /* RottenTomatoes.xcdatamodel */ = {isa = PBXFileReference; lastKnownFileType = wrapper.xcdatamodel; path = RottenTomatoes.xcdatamodel; sourceTree = "<group>"; };
		A64B332029A3595D00910648 /* DataController.swift */ = {isa = PBXFileReference; lastKnownFileType = sourcecode.swift; path = DataController.swift; sourceTree = "<group>"; };
		A64B332229A35C1F00910648 /* AddReviewView.swift */ = {isa = PBXFileReference; lastKnownFileType = sourcecode.swift; path = AddReviewView.swift; sourceTree = "<group>"; };
		A64B332729A3F31C00910648 /* Genres.swift */ = {isa = PBXFileReference; lastKnownFileType = sourcecode.swift; path = Genres.swift; sourceTree = "<group>"; };
		A64B332C29A3F8AE00910648 /* ReviewsSidebarView.swift */ = {isa = PBXFileReference; lastKnownFileType = sourcecode.swift; path = ReviewsSidebarView.swift; sourceTree = "<group>"; };
		A64B332E29A4A35400910648 /* RatingView.swift */ = {isa = PBXFileReference; lastKnownFileType = sourcecode.swift; path = RatingView.swift; sourceTree = "<group>"; };
		A64B333029A4AA8600910648 /* EmojiRatingView.swift */ = {isa = PBXFileReference; lastKnownFileType = sourcecode.swift; path = EmojiRatingView.swift; sourceTree = "<group>"; };
		A64B333229A4B00600910648 /* ReviewDetailView.swift */ = {isa = PBXFileReference; lastKnownFileType = sourcecode.swift; path = ReviewDetailView.swift; sourceTree = "<group>"; };
		A6A4F96829C471D000A3F607 /* RottenTomatoesReviews-Info.plist */ = {isa = PBXFileReference; lastKnownFileType = text.plist; path = "RottenTomatoesReviews-Info.plist"; sourceTree = "<group>"; };
		A6A4F98B29C5DB5A00A3F607 /* ci_pre_xcodebuild.sh */ = {isa = PBXFileReference; lastKnownFileType = text.script.sh; path = ci_pre_xcodebuild.sh; sourceTree = "<group>"; };
		A6A4F9D329C5E11A00A3F607 /* icon.png */ = {isa = PBXFileReference; lastKnownFileType = image.png; path = icon.png; sourceTree = "<group>"; };
		A6A4F9D429C5E11A00A3F607 /* Contents.json */ = {isa = PBXFileReference; lastKnownFileType = text.json; path = Contents.json; sourceTree = "<group>"; };
/* End PBXFileReference section */

/* Begin PBXFrameworksBuildPhase section */
		A64B32ED29A3580A00910648 /* Frameworks */ = {
			isa = PBXFrameworksBuildPhase;
			buildActionMask = 2147483647;
			files = (
			);
			runOnlyForDeploymentPostprocessing = 0;
		};
		A64B32FD29A3580C00910648 /* Frameworks */ = {
			isa = PBXFrameworksBuildPhase;
			buildActionMask = 2147483647;
			files = (
			);
			runOnlyForDeploymentPostprocessing = 0;
		};
		A64B330729A3580C00910648 /* Frameworks */ = {
			isa = PBXFrameworksBuildPhase;
			buildActionMask = 2147483647;
			files = (
			);
			runOnlyForDeploymentPostprocessing = 0;
		};
/* End PBXFrameworksBuildPhase section */

/* Begin PBXGroup section */
		A60984A329B89C0C008098C8 /* Extensions */ = {
			isa = PBXGroup;
			children = (
				A60984A429B89C1D008098C8 /* View.swift */,
			);
			path = Extensions;
			sourceTree = "<group>";
		};
		A64B32E729A3580A00910648 = {
			isa = PBXGroup;
			children = (
				A6A4F98A29C5DB0E00A3F607 /* ci_scripts */,
				A6A4F96829C471D000A3F607 /* RottenTomatoesReviews-Info.plist */,
				A64B32F229A3580A00910648 /* RottenTomatoes */,
				A64B330329A3580C00910648 /* RottenTomatoesTests */,
				A64B330D29A3580C00910648 /* RottenTomatoesUITests */,
				A64B32F129A3580A00910648 /* Products */,
			);
			sourceTree = "<group>";
		};
		A64B32F129A3580A00910648 /* Products */ = {
			isa = PBXGroup;
			children = (
				A64B32F029A3580A00910648 /* RottenTomatoesReviews.app */,
				A64B330029A3580C00910648 /* RottenTomatoesReviewsTests.xctest */,
				A64B330A29A3580C00910648 /* RottenTomatoesReviewsUITests.xctest */,
			);
			name = Products;
			sourceTree = "<group>";
		};
		A64B32F229A3580A00910648 /* RottenTomatoes */ = {
			isa = PBXGroup;
			children = (
				A60984A329B89C0C008098C8 /* Extensions */,
				A611435929AB690600A9C304 /* Comment+CoreDataClass.swift */,
				A611435A29AB690600A9C304 /* Comment+CoreDataProperties.swift */,
				A611435B29AB690600A9C304 /* FilmReview+CoreDataClass.swift */,
				A611435C29AB690600A9C304 /* FilmReview+CoreDataProperties.swift */,
				A64B332929A3F89200910648 /* Views */,
				A64B332429A35CC700910648 /* Models */,
				A64B32F329A3580A00910648 /* RottenTomatoesApp.swift */,
				A64B32F529A3580A00910648 /* ContentView.swift */,
				A64B32F729A3580B00910648 /* Assets.xcassets */,
				A64B32F929A3580B00910648 /* Preview Content */,
				A64B331D29A3587400910648 /* RottenTomatoes.xcdatamodeld */,
				A64B332029A3595D00910648 /* DataController.swift */,
			);
			path = RottenTomatoes;
			sourceTree = "<group>";
		};
		A64B32F929A3580B00910648 /* Preview Content */ = {
			isa = PBXGroup;
			children = (
				A64B32FA29A3580B00910648 /* Preview Assets.xcassets */,
			);
			path = "Preview Content";
			sourceTree = "<group>";
		};
		A64B330329A3580C00910648 /* RottenTomatoesTests */ = {
			isa = PBXGroup;
			children = (
				A64B330429A3580C00910648 /* Rotten_TomatoesTests.swift */,
			);
			path = RottenTomatoesTests;
			sourceTree = "<group>";
		};
		A64B330D29A3580C00910648 /* RottenTomatoesUITests */ = {
			isa = PBXGroup;
			children = (
				A64B330E29A3580C00910648 /* Rotten_TomatoesUITests.swift */,
				A64B331029A3580C00910648 /* Rotten_TomatoesUITestsLaunchTests.swift */,
			);
			path = RottenTomatoesUITests;
			sourceTree = "<group>";
		};
		A64B332429A35CC700910648 /* Models */ = {
			isa = PBXGroup;
			children = (
				A64B332729A3F31C00910648 /* Genres.swift */,
				A611434B29AA28C800A9C304 /* Sort.swift */,
				A611436129AC774E00A9C304 /* FilmReviewHelper.swift */,
			);
			path = Models;
			sourceTree = "<group>";
		};
		A64B332929A3F89200910648 /* Views */ = {
			isa = PBXGroup;
			children = (
				A6F5832D29A5463C00355A65 /* Components */,
				A6F5832C29A5462900355A65 /* Navigation */,
			);
			path = Views;
			sourceTree = "<group>";
		};
		A6A4F98A29C5DB0E00A3F607 /* ci_scripts */ = {
			isa = PBXGroup;
			children = (
				A6A4F98B29C5DB5A00A3F607 /* ci_pre_xcodebuild.sh */,
				A6A4F9D229C5E11A00A3F607 /* AppIcon-Beta.appiconset */,
			);
			path = ci_scripts;
			sourceTree = "<group>";
		};
		A6A4F9D229C5E11A00A3F607 /* AppIcon-Beta.appiconset */ = {
			isa = PBXGroup;
			children = (
				A6A4F9D329C5E11A00A3F607 /* icon.png */,
				A6A4F9D429C5E11A00A3F607 /* Contents.json */,
			);
			path = "AppIcon-Beta.appiconset";
			sourceTree = "<group>";
		};
		A6F5832C29A5462900355A65 /* Navigation */ = {
			isa = PBXGroup;
			children = (
				A64B333229A4B00600910648 /* ReviewDetailView.swift */,
				A64B332229A35C1F00910648 /* AddReviewView.swift */,
				A64B332C29A3F8AE00910648 /* ReviewsSidebarView.swift */,
			);
			path = Navigation;
			sourceTree = "<group>";
		};
		A6F5832D29A5463C00355A65 /* Components */ = {
			isa = PBXGroup;
			children = (
				A64B332E29A4A35400910648 /* RatingView.swift */,
				A64B333029A4AA8600910648 /* EmojiRatingView.swift */,
				A611434629AA14B700A9C304 /* FetchList.swift */,
				A611434829AA1D0E00A9C304 /* SearchBar.swift */,
			);
			path = Components;
			sourceTree = "<group>";
		};
/* End PBXGroup section */

/* Begin PBXNativeTarget section */
		A64B32EF29A3580A00910648 /* RottenTomatoesReviews */ = {
			isa = PBXNativeTarget;
			buildConfigurationList = A64B331429A3580C00910648 /* Build configuration list for PBXNativeTarget "RottenTomatoesReviews" */;
			buildPhases = (
				A64B32EC29A3580A00910648 /* Sources */,
				A64B32ED29A3580A00910648 /* Frameworks */,
				A64B32EE29A3580A00910648 /* Resources */,
			);
			buildRules = (
			);
			dependencies = (
			);
			name = RottenTomatoesReviews;
			productName = "Rotten Tomatoes";
			productReference = A64B32F029A3580A00910648 /* RottenTomatoesReviews.app */;
			productType = "com.apple.product-type.application";
		};
		A64B32FF29A3580C00910648 /* RottenTomatoesReviewsTests */ = {
			isa = PBXNativeTarget;
			buildConfigurationList = A64B331729A3580C00910648 /* Build configuration list for PBXNativeTarget "RottenTomatoesReviewsTests" */;
			buildPhases = (
				A64B32FC29A3580C00910648 /* Sources */,
				A64B32FD29A3580C00910648 /* Frameworks */,
				A64B32FE29A3580C00910648 /* Resources */,
			);
			buildRules = (
			);
			dependencies = (
				A64B330229A3580C00910648 /* PBXTargetDependency */,
			);
			name = RottenTomatoesReviewsTests;
			productName = "Rotten TomatoesTests";
			productReference = A64B330029A3580C00910648 /* RottenTomatoesReviewsTests.xctest */;
			productType = "com.apple.product-type.bundle.unit-test";
		};
		A64B330929A3580C00910648 /* RottenTomatoesReviewsUITests */ = {
			isa = PBXNativeTarget;
			buildConfigurationList = A64B331A29A3580C00910648 /* Build configuration list for PBXNativeTarget "RottenTomatoesReviewsUITests" */;
			buildPhases = (
				A64B330629A3580C00910648 /* Sources */,
				A64B330729A3580C00910648 /* Frameworks */,
				A64B330829A3580C00910648 /* Resources */,
			);
			buildRules = (
			);
			dependencies = (
				A64B330C29A3580C00910648 /* PBXTargetDependency */,
			);
			name = RottenTomatoesReviewsUITests;
			productName = "Rotten TomatoesUITests";
			productReference = A64B330A29A3580C00910648 /* RottenTomatoesReviewsUITests.xctest */;
			productType = "com.apple.product-type.bundle.ui-testing";
		};
/* End PBXNativeTarget section */

/* Begin PBXProject section */
		A64B32E829A3580A00910648 /* Project object */ = {
			isa = PBXProject;
			attributes = {
				BuildIndependentTargetsInParallel = 1;
				LastSwiftUpdateCheck = 1420;
				LastUpgradeCheck = 1420;
				TargetAttributes = {
					A64B32EF29A3580A00910648 = {
						CreatedOnToolsVersion = 14.2;
					};
					A64B32FF29A3580C00910648 = {
						CreatedOnToolsVersion = 14.2;
						TestTargetID = A64B32EF29A3580A00910648;
					};
					A64B330929A3580C00910648 = {
						CreatedOnToolsVersion = 14.2;
						TestTargetID = A64B32EF29A3580A00910648;
					};
				};
			};
			buildConfigurationList = A64B32EB29A3580A00910648 /* Build configuration list for PBXProject "Rotten Tomatoes" */;
			compatibilityVersion = "Xcode 14.0";
			developmentRegion = en;
			hasScannedForEncodings = 0;
			knownRegions = (
				en,
				Base,
			);
			mainGroup = A64B32E729A3580A00910648;
			productRefGroup = A64B32F129A3580A00910648 /* Products */;
			projectDirPath = "";
			projectRoot = "";
			targets = (
				A64B32EF29A3580A00910648 /* RottenTomatoesReviews */,
				A64B32FF29A3580C00910648 /* RottenTomatoesReviewsTests */,
				A64B330929A3580C00910648 /* RottenTomatoesReviewsUITests */,
			);
		};
/* End PBXProject section */

/* Begin PBXResourcesBuildPhase section */
		A64B32EE29A3580A00910648 /* Resources */ = {
			isa = PBXResourcesBuildPhase;
			buildActionMask = 2147483647;
			files = (
				A64B32FB29A3580B00910648 /* Preview Assets.xcassets in Resources */,
				A64B32F829A3580B00910648 /* Assets.xcassets in Resources */,
			);
			runOnlyForDeploymentPostprocessing = 0;
		};
		A64B32FE29A3580C00910648 /* Resources */ = {
			isa = PBXResourcesBuildPhase;
			buildActionMask = 2147483647;
			files = (
			);
			runOnlyForDeploymentPostprocessing = 0;
		};
		A64B330829A3580C00910648 /* Resources */ = {
			isa = PBXResourcesBuildPhase;
			buildActionMask = 2147483647;
			files = (
			);
			runOnlyForDeploymentPostprocessing = 0;
		};
/* End PBXResourcesBuildPhase section */

/* Begin PBXSourcesBuildPhase section */
		A64B32EC29A3580A00910648 /* Sources */ = {
			isa = PBXSourcesBuildPhase;
			buildActionMask = 2147483647;
			files = (
				A64B32F629A3580A00910648 /* ContentView.swift in Sources */,
				A64B333129A4AA8600910648 /* EmojiRatingView.swift in Sources */,
				A64B332829A3F31C00910648 /* Genres.swift in Sources */,
				A611434729AA14B700A9C304 /* FetchList.swift in Sources */,
				A611435E29AB690600A9C304 /* Comment+CoreDataProperties.swift in Sources */,
				A64B332F29A4A35400910648 /* RatingView.swift in Sources */,
				A60984A529B89C1D008098C8 /* View.swift in Sources */,
				A611435D29AB690600A9C304 /* Comment+CoreDataClass.swift in Sources */,
				A611435F29AB690600A9C304 /* FilmReview+CoreDataClass.swift in Sources */,
				A64B332329A35C1F00910648 /* AddReviewView.swift in Sources */,
				A611434929AA1D0E00A9C304 /* SearchBar.swift in Sources */,
				A611436029AB690600A9C304 /* FilmReview+CoreDataProperties.swift in Sources */,
				A611434C29AA28C800A9C304 /* Sort.swift in Sources */,
				A64B332129A3595D00910648 /* DataController.swift in Sources */,
				A611436229AC774E00A9C304 /* FilmReviewHelper.swift in Sources */,
				A64B332D29A3F8AE00910648 /* ReviewsSidebarView.swift in Sources */,
				A64B333329A4B00600910648 /* ReviewDetailView.swift in Sources */,
				A64B331F29A3587400910648 /* RottenTomatoes.xcdatamodeld in Sources */,
				A64B32F429A3580A00910648 /* RottenTomatoesApp.swift in Sources */,
			);
			runOnlyForDeploymentPostprocessing = 0;
		};
		A64B32FC29A3580C00910648 /* Sources */ = {
			isa = PBXSourcesBuildPhase;
			buildActionMask = 2147483647;
			files = (
				A64B330529A3580C00910648 /* Rotten_TomatoesTests.swift in Sources */,
			);
			runOnlyForDeploymentPostprocessing = 0;
		};
		A64B330629A3580C00910648 /* Sources */ = {
			isa = PBXSourcesBuildPhase;
			buildActionMask = 2147483647;
			files = (
				A64B331129A3580C00910648 /* Rotten_TomatoesUITestsLaunchTests.swift in Sources */,
				A64B330F29A3580C00910648 /* Rotten_TomatoesUITests.swift in Sources */,
			);
			runOnlyForDeploymentPostprocessing = 0;
		};
/* End PBXSourcesBuildPhase section */

/* Begin PBXTargetDependency section */
		A64B330229A3580C00910648 /* PBXTargetDependency */ = {
			isa = PBXTargetDependency;
			target = A64B32EF29A3580A00910648 /* RottenTomatoesReviews */;
			targetProxy = A64B330129A3580C00910648 /* PBXContainerItemProxy */;
		};
		A64B330C29A3580C00910648 /* PBXTargetDependency */ = {
			isa = PBXTargetDependency;
			target = A64B32EF29A3580A00910648 /* RottenTomatoesReviews */;
			targetProxy = A64B330B29A3580C00910648 /* PBXContainerItemProxy */;
		};
/* End PBXTargetDependency section */

/* Begin XCBuildConfiguration section */
		A64B331229A3580C00910648 /* Debug */ = {
			isa = XCBuildConfiguration;
			buildSettings = {
				ALWAYS_SEARCH_USER_PATHS = NO;
				CLANG_ANALYZER_NONNULL = YES;
				CLANG_ANALYZER_NUMBER_OBJECT_CONVERSION = YES_AGGRESSIVE;
				CLANG_CXX_LANGUAGE_STANDARD = "gnu++20";
				CLANG_ENABLE_MODULES = YES;
				CLANG_ENABLE_OBJC_ARC = YES;
				CLANG_ENABLE_OBJC_WEAK = YES;
				CLANG_WARN_BLOCK_CAPTURE_AUTORELEASING = YES;
				CLANG_WARN_BOOL_CONVERSION = YES;
				CLANG_WARN_COMMA = YES;
				CLANG_WARN_CONSTANT_CONVERSION = YES;
				CLANG_WARN_DEPRECATED_OBJC_IMPLEMENTATIONS = YES;
				CLANG_WARN_DIRECT_OBJC_ISA_USAGE = YES_ERROR;
				CLANG_WARN_DOCUMENTATION_COMMENTS = YES;
				CLANG_WARN_EMPTY_BODY = YES;
				CLANG_WARN_ENUM_CONVERSION = YES;
				CLANG_WARN_INFINITE_RECURSION = YES;
				CLANG_WARN_INT_CONVERSION = YES;
				CLANG_WARN_NON_LITERAL_NULL_CONVERSION = YES;
				CLANG_WARN_OBJC_IMPLICIT_RETAIN_SELF = YES;
				CLANG_WARN_OBJC_LITERAL_CONVERSION = YES;
				CLANG_WARN_OBJC_ROOT_CLASS = YES_ERROR;
				CLANG_WARN_QUOTED_INCLUDE_IN_FRAMEWORK_HEADER = YES;
				CLANG_WARN_RANGE_LOOP_ANALYSIS = YES;
				CLANG_WARN_STRICT_PROTOTYPES = YES;
				CLANG_WARN_SUSPICIOUS_MOVE = YES;
				CLANG_WARN_UNGUARDED_AVAILABILITY = YES_AGGRESSIVE;
				CLANG_WARN_UNREACHABLE_CODE = YES;
				CLANG_WARN__DUPLICATE_METHOD_MATCH = YES;
				COPY_PHASE_STRIP = NO;
				DEBUG_INFORMATION_FORMAT = dwarf;
				ENABLE_STRICT_OBJC_MSGSEND = YES;
				ENABLE_TESTABILITY = YES;
				GCC_C_LANGUAGE_STANDARD = gnu11;
				GCC_DYNAMIC_NO_PIC = NO;
				GCC_NO_COMMON_BLOCKS = YES;
				GCC_OPTIMIZATION_LEVEL = 0;
				GCC_PREPROCESSOR_DEFINITIONS = (
					"DEBUG=1",
					"$(inherited)",
				);
				GCC_WARN_64_TO_32_BIT_CONVERSION = YES;
				GCC_WARN_ABOUT_RETURN_TYPE = YES_ERROR;
				GCC_WARN_UNDECLARED_SELECTOR = YES;
				GCC_WARN_UNINITIALIZED_AUTOS = YES_AGGRESSIVE;
				GCC_WARN_UNUSED_FUNCTION = YES;
				GCC_WARN_UNUSED_VARIABLE = YES;
				IPHONEOS_DEPLOYMENT_TARGET = 16.2;
				MTL_ENABLE_DEBUG_INFO = INCLUDE_SOURCE;
				MTL_FAST_MATH = YES;
				ONLY_ACTIVE_ARCH = YES;
				SDKROOT = iphoneos;
				SWIFT_ACTIVE_COMPILATION_CONDITIONS = DEBUG;
				SWIFT_OPTIMIZATION_LEVEL = "-Onone";
			};
			name = Debug;
		};
		A64B331329A3580C00910648 /* Release */ = {
			isa = XCBuildConfiguration;
			buildSettings = {
				ALWAYS_SEARCH_USER_PATHS = NO;
				CLANG_ANALYZER_NONNULL = YES;
				CLANG_ANALYZER_NUMBER_OBJECT_CONVERSION = YES_AGGRESSIVE;
				CLANG_CXX_LANGUAGE_STANDARD = "gnu++20";
				CLANG_ENABLE_MODULES = YES;
				CLANG_ENABLE_OBJC_ARC = YES;
				CLANG_ENABLE_OBJC_WEAK = YES;
				CLANG_WARN_BLOCK_CAPTURE_AUTORELEASING = YES;
				CLANG_WARN_BOOL_CONVERSION = YES;
				CLANG_WARN_COMMA = YES;
				CLANG_WARN_CONSTANT_CONVERSION = YES;
				CLANG_WARN_DEPRECATED_OBJC_IMPLEMENTATIONS = YES;
				CLANG_WARN_DIRECT_OBJC_ISA_USAGE = YES_ERROR;
				CLANG_WARN_DOCUMENTATION_COMMENTS = YES;
				CLANG_WARN_EMPTY_BODY = YES;
				CLANG_WARN_ENUM_CONVERSION = YES;
				CLANG_WARN_INFINITE_RECURSION = YES;
				CLANG_WARN_INT_CONVERSION = YES;
				CLANG_WARN_NON_LITERAL_NULL_CONVERSION = YES;
				CLANG_WARN_OBJC_IMPLICIT_RETAIN_SELF = YES;
				CLANG_WARN_OBJC_LITERAL_CONVERSION = YES;
				CLANG_WARN_OBJC_ROOT_CLASS = YES_ERROR;
				CLANG_WARN_QUOTED_INCLUDE_IN_FRAMEWORK_HEADER = YES;
				CLANG_WARN_RANGE_LOOP_ANALYSIS = YES;
				CLANG_WARN_STRICT_PROTOTYPES = YES;
				CLANG_WARN_SUSPICIOUS_MOVE = YES;
				CLANG_WARN_UNGUARDED_AVAILABILITY = YES_AGGRESSIVE;
				CLANG_WARN_UNREACHABLE_CODE = YES;
				CLANG_WARN__DUPLICATE_METHOD_MATCH = YES;
				COPY_PHASE_STRIP = NO;
				DEBUG_INFORMATION_FORMAT = "dwarf-with-dsym";
				ENABLE_NS_ASSERTIONS = NO;
				ENABLE_STRICT_OBJC_MSGSEND = YES;
				GCC_C_LANGUAGE_STANDARD = gnu11;
				GCC_NO_COMMON_BLOCKS = YES;
				GCC_WARN_64_TO_32_BIT_CONVERSION = YES;
				GCC_WARN_ABOUT_RETURN_TYPE = YES_ERROR;
				GCC_WARN_UNDECLARED_SELECTOR = YES;
				GCC_WARN_UNINITIALIZED_AUTOS = YES_AGGRESSIVE;
				GCC_WARN_UNUSED_FUNCTION = YES;
				GCC_WARN_UNUSED_VARIABLE = YES;
				IPHONEOS_DEPLOYMENT_TARGET = 16.2;
				MTL_ENABLE_DEBUG_INFO = NO;
				MTL_FAST_MATH = YES;
				SDKROOT = iphoneos;
				SWIFT_COMPILATION_MODE = wholemodule;
				SWIFT_OPTIMIZATION_LEVEL = "-O";
				VALIDATE_PRODUCT = YES;
			};
			name = Release;
		};
		A64B331529A3580C00910648 /* Debug */ = {
			isa = XCBuildConfiguration;
			buildSettings = {
				ASSETCATALOG_COMPILER_APPICON_NAME = AppIcon;
				ASSETCATALOG_COMPILER_GLOBAL_ACCENT_COLOR_NAME = AccentColor;
				CODE_SIGN_STYLE = Automatic;
				CURRENT_PROJECT_VERSION = 1;
				DEVELOPMENT_ASSET_PATHS = "\"RottenTomatoes/Preview Content\"";
				DEVELOPMENT_TEAM = CJ3K6UF4KJ;
				ENABLE_PREVIEWS = YES;
				GENERATE_INFOPLIST_FILE = YES;
				INFOPLIST_FILE = "RottenTomatoesReviews-Info.plist";
				INFOPLIST_KEY_CFBundleDisplayName = "R&T Reviews";
				INFOPLIST_KEY_UIApplicationSceneManifest_Generation = YES;
				INFOPLIST_KEY_UIApplicationSupportsIndirectInputEvents = YES;
				INFOPLIST_KEY_UILaunchScreen_Generation = YES;
				INFOPLIST_KEY_UISupportedInterfaceOrientations_iPad = "UIInterfaceOrientationPortrait UIInterfaceOrientationPortraitUpsideDown UIInterfaceOrientationLandscapeLeft UIInterfaceOrientationLandscapeRight";
				INFOPLIST_KEY_UISupportedInterfaceOrientations_iPhone = "UIInterfaceOrientationPortrait UIInterfaceOrientationLandscapeLeft UIInterfaceOrientationLandscapeRight";
				LD_RUNPATH_SEARCH_PATHS = (
					"$(inherited)",
					"@executable_path/Frameworks",
				);
				MARKETING_VERSION = 1.0;
				PRODUCT_BUNDLE_IDENTIFIER = "com.fonov.tutorial.Rotten-Tomatoes";
				PRODUCT_NAME = "$(TARGET_NAME)";
				SWIFT_EMIT_LOC_STRINGS = YES;
				SWIFT_VERSION = 5.0;
				TARGETED_DEVICE_FAMILY = "1,2";
			};
			name = Debug;
		};
		A64B331629A3580C00910648 /* Release */ = {
			isa = XCBuildConfiguration;
			buildSettings = {
				ASSETCATALOG_COMPILER_APPICON_NAME = AppIcon;
				ASSETCATALOG_COMPILER_GLOBAL_ACCENT_COLOR_NAME = AccentColor;
				CODE_SIGN_STYLE = Automatic;
				CURRENT_PROJECT_VERSION = 1;
				DEVELOPMENT_ASSET_PATHS = "\"RottenTomatoes/Preview Content\"";
				DEVELOPMENT_TEAM = CJ3K6UF4KJ;
				ENABLE_PREVIEWS = YES;
				GENERATE_INFOPLIST_FILE = YES;
				INFOPLIST_FILE = "RottenTomatoesReviews-Info.plist";
				INFOPLIST_KEY_CFBundleDisplayName = "R&T Reviews";
				INFOPLIST_KEY_UIApplicationSceneManifest_Generation = YES;
				INFOPLIST_KEY_UIApplicationSupportsIndirectInputEvents = YES;
				INFOPLIST_KEY_UILaunchScreen_Generation = YES;
				INFOPLIST_KEY_UISupportedInterfaceOrientations_iPad = "UIInterfaceOrientationPortrait UIInterfaceOrientationPortraitUpsideDown UIInterfaceOrientationLandscapeLeft UIInterfaceOrientationLandscapeRight";
				INFOPLIST_KEY_UISupportedInterfaceOrientations_iPhone = "UIInterfaceOrientationPortrait UIInterfaceOrientationLandscapeLeft UIInterfaceOrientationLandscapeRight";
				LD_RUNPATH_SEARCH_PATHS = (
					"$(inherited)",
					"@executable_path/Frameworks",
				);
				MARKETING_VERSION = 1.0;
				PRODUCT_BUNDLE_IDENTIFIER = "com.fonov.tutorial.Rotten-Tomatoes";
				PRODUCT_NAME = "$(TARGET_NAME)";
				SWIFT_EMIT_LOC_STRINGS = YES;
				SWIFT_VERSION = 5.0;
				TARGETED_DEVICE_FAMILY = "1,2";
			};
			name = Release;
		};
		A64B331829A3580C00910648 /* Debug */ = {
			isa = XCBuildConfiguration;
			buildSettings = {
				ALWAYS_EMBED_SWIFT_STANDARD_LIBRARIES = YES;
				BUNDLE_LOADER = "$(TEST_HOST)";
				CODE_SIGN_STYLE = Automatic;
				CURRENT_PROJECT_VERSION = 1;
				DEVELOPMENT_TEAM = CJ3K6UF4KJ;
				GENERATE_INFOPLIST_FILE = YES;
				IPHONEOS_DEPLOYMENT_TARGET = 16.2;
				MARKETING_VERSION = 1.0;
				PRODUCT_BUNDLE_IDENTIFIER = "com.fonov.tutorial.Rotten-TomatoesTests";
				PRODUCT_NAME = "$(TARGET_NAME)";
				SWIFT_EMIT_LOC_STRINGS = NO;
				SWIFT_VERSION = 5.0;
				TARGETED_DEVICE_FAMILY = "1,2";
				TEST_HOST = "$(BUILT_PRODUCTS_DIR)/Rotten Tomatoes.app/$(BUNDLE_EXECUTABLE_FOLDER_PATH)/Rotten Tomatoes";
			};
			name = Debug;
		};
		A64B331929A3580C00910648 /* Release */ = {
			isa = XCBuildConfiguration;
			buildSettings = {
				ALWAYS_EMBED_SWIFT_STANDARD_LIBRARIES = YES;
				BUNDLE_LOADER = "$(TEST_HOST)";
				CODE_SIGN_STYLE = Automatic;
				CURRENT_PROJECT_VERSION = 1;
				DEVELOPMENT_TEAM = CJ3K6UF4KJ;
				GENERATE_INFOPLIST_FILE = YES;
				IPHONEOS_DEPLOYMENT_TARGET = 16.2;
				MARKETING_VERSION = 1.0;
				PRODUCT_BUNDLE_IDENTIFIER = "com.fonov.tutorial.Rotten-TomatoesTests";
				PRODUCT_NAME = "$(TARGET_NAME)";
				SWIFT_EMIT_LOC_STRINGS = NO;
				SWIFT_VERSION = 5.0;
				TARGETED_DEVICE_FAMILY = "1,2";
				TEST_HOST = "$(BUILT_PRODUCTS_DIR)/Rotten Tomatoes.app/$(BUNDLE_EXECUTABLE_FOLDER_PATH)/Rotten Tomatoes";
			};
			name = Release;
		};
		A64B331B29A3580C00910648 /* Debug */ = {
			isa = XCBuildConfiguration;
			buildSettings = {
				ALWAYS_EMBED_SWIFT_STANDARD_LIBRARIES = YES;
				CODE_SIGN_STYLE = Automatic;
				CURRENT_PROJECT_VERSION = 1;
				DEVELOPMENT_TEAM = CJ3K6UF4KJ;
				GENERATE_INFOPLIST_FILE = YES;
				MARKETING_VERSION = 1.0;
				PRODUCT_BUNDLE_IDENTIFIER = "com.fonov.tutorial.Rotten-TomatoesUITests";
				PRODUCT_NAME = "$(TARGET_NAME)";
				SWIFT_EMIT_LOC_STRINGS = NO;
				SWIFT_VERSION = 5.0;
				TARGETED_DEVICE_FAMILY = "1,2";
				TEST_TARGET_NAME = "Rotten Tomatoes";
			};
			name = Debug;
		};
		A64B331C29A3580C00910648 /* Release */ = {
			isa = XCBuildConfiguration;
			buildSettings = {
				ALWAYS_EMBED_SWIFT_STANDARD_LIBRARIES = YES;
				CODE_SIGN_STYLE = Automatic;
				CURRENT_PROJECT_VERSION = 1;
				DEVELOPMENT_TEAM = CJ3K6UF4KJ;
				GENERATE_INFOPLIST_FILE = YES;
				MARKETING_VERSION = 1.0;
				PRODUCT_BUNDLE_IDENTIFIER = "com.fonov.tutorial.Rotten-TomatoesUITests";
				PRODUCT_NAME = "$(TARGET_NAME)";
				SWIFT_EMIT_LOC_STRINGS = NO;
				SWIFT_VERSION = 5.0;
				TARGETED_DEVICE_FAMILY = "1,2";
				TEST_TARGET_NAME = "Rotten Tomatoes";
			};
			name = Release;
		};
/* End XCBuildConfiguration section */

/* Begin XCConfigurationList section */
		A64B32EB29A3580A00910648 /* Build configuration list for PBXProject "Rotten Tomatoes" */ = {
			isa = XCConfigurationList;
			buildConfigurations = (
				A64B331229A3580C00910648 /* Debug */,
				A64B331329A3580C00910648 /* Release */,
			);
			defaultConfigurationIsVisible = 0;
			defaultConfigurationName = Release;
		};
		A64B331429A3580C00910648 /* Build configuration list for PBXNativeTarget "RottenTomatoesReviews" */ = {
			isa = XCConfigurationList;
			buildConfigurations = (
				A64B331529A3580C00910648 /* Debug */,
				A64B331629A3580C00910648 /* Release */,
			);
			defaultConfigurationIsVisible = 0;
			defaultConfigurationName = Release;
		};
		A64B331729A3580C00910648 /* Build configuration list for PBXNativeTarget "RottenTomatoesReviewsTests" */ = {
			isa = XCConfigurationList;
			buildConfigurations = (
				A64B331829A3580C00910648 /* Debug */,
				A64B331929A3580C00910648 /* Release */,
			);
			defaultConfigurationIsVisible = 0;
			defaultConfigurationName = Release;
		};
		A64B331A29A3580C00910648 /* Build configuration list for PBXNativeTarget "RottenTomatoesReviewsUITests" */ = {
			isa = XCConfigurationList;
			buildConfigurations = (
				A64B331B29A3580C00910648 /* Debug */,
				A64B331C29A3580C00910648 /* Release */,
			);
			defaultConfigurationIsVisible = 0;
			defaultConfigurationName = Release;
		};
/* End XCConfigurationList section */

/* Begin XCVersionGroup section */
		A64B331D29A3587400910648 /* RottenTomatoes.xcdatamodeld */ = {
			isa = XCVersionGroup;
			children = (
				A64B331E29A3587400910648 /* RottenTomatoes.xcdatamodel */,
			);
			currentVersion = A64B331E29A3587400910648 /* RottenTomatoes.xcdatamodel */;
			path = RottenTomatoes.xcdatamodeld;
			sourceTree = "<group>";
			versionGroupType = wrapper.xcdatamodel;
		};
/* End XCVersionGroup section */
	};
	rootObject = A64B32E829A3580A00910648 /* Project object */;
}
